// !$*UTF8*$!
{
	archiveVersion = 1;
	classes = {
	};
	objectVersion = 56;
	objects = {

/* Begin PBXBuildFile section */
		27A3F1ED2CD82EB0009A991B /* AppDelegate.swift in Sources */ = {isa = PBXBuildFile; fileRef = 27A3F1EC2CD82EB0009A991B /* AppDelegate.swift */; };
		27A3F1EF2CD82EB0009A991B /* SceneDelegate.swift in Sources */ = {isa = PBXBuildFile; fileRef = 27A3F1EE2CD82EB0009A991B /* SceneDelegate.swift */; };
		27A3F1F12CD82EB0009A991B /* ViewController.swift in Sources */ = {isa = PBXBuildFile; fileRef = 27A3F1F02CD82EB0009A991B /* ViewController.swift */; };
		27A3F1F42CD82EB0009A991B /* Main.storyboard in Resources */ = {isa = PBXBuildFile; fileRef = 27A3F1F22CD82EB0009A991B /* Main.storyboard */; };
		27A3F1F62CD82EB1009A991B /* Assets.xcassets in Resources */ = {isa = PBXBuildFile; fileRef = 27A3F1F52CD82EB1009A991B /* Assets.xcassets */; };
		27A3F1F92CD82EB1009A991B /* LaunchScreen.storyboard in Resources */ = {isa = PBXBuildFile; fileRef = 27A3F1F72CD82EB1009A991B /* LaunchScreen.storyboard */; };
		27A3F2042CD82EB1009A991B /* CP_IOS_PreTests.swift in Sources */ = {isa = PBXBuildFile; fileRef = 27A3F2032CD82EB1009A991B /* CP_IOS_PreTests.swift */; };
		27A3F20E2CD82EB1009A991B /* CP_IOS_PreUITests.swift in Sources */ = {isa = PBXBuildFile; fileRef = 27A3F20D2CD82EB1009A991B /* CP_IOS_PreUITests.swift */; };
		27A3F2102CD82EB1009A991B /* CP_IOS_PreUITestsLaunchTests.swift in Sources */ = {isa = PBXBuildFile; fileRef = 27A3F20F2CD82EB1009A991B /* CP_IOS_PreUITestsLaunchTests.swift */; };
/* End PBXBuildFile section */

/* Begin PBXContainerItemProxy section */
		27A3F2002CD82EB1009A991B /* PBXContainerItemProxy */ = {
			isa = PBXContainerItemProxy;
			containerPortal = 27A3F1E12CD82EB0009A991B /* Project object */;
			proxyType = 1;
			remoteGlobalIDString = 27A3F1E82CD82EB0009A991B;
			remoteInfo = CP_IOS_Pre;
		};
		27A3F20A2CD82EB1009A991B /* PBXContainerItemProxy */ = {
			isa = PBXContainerItemProxy;
			containerPortal = 27A3F1E12CD82EB0009A991B /* Project object */;
			proxyType = 1;
			remoteGlobalIDString = 27A3F1E82CD82EB0009A991B;
			remoteInfo = CP_IOS_Pre;
		};
/* End PBXContainerItemProxy section */

/* Begin PBXFileReference section */
		27A3F1E92CD82EB0009A991B /* CP_IOS_Pre.app */ = {isa = PBXFileReference; explicitFileType = wrapper.application; includeInIndex = 0; path = CP_IOS_Pre.app; sourceTree = BUILT_PRODUCTS_DIR; };
		27A3F1EC2CD82EB0009A991B /* AppDelegate.swift */ = {isa = PBXFileReference; lastKnownFileType = sourcecode.swift; path = AppDelegate.swift; sourceTree = "<group>"; };
		27A3F1EE2CD82EB0009A991B /* SceneDelegate.swift */ = {isa = PBXFileReference; lastKnownFileType = sourcecode.swift; path = SceneDelegate.swift; sourceTree = "<group>"; };
		27A3F1F02CD82EB0009A991B /* ViewController.swift */ = {isa = PBXFileReference; lastKnownFileType = sourcecode.swift; path = ViewController.swift; sourceTree = "<group>"; };
		27A3F1F32CD82EB0009A991B /* Base */ = {isa = PBXFileReference; lastKnownFileType = file.storyboard; name = Base; path = Base.lproj/Main.storyboard; sourceTree = "<group>"; };
		27A3F1F52CD82EB1009A991B /* Assets.xcassets */ = {isa = PBXFileReference; lastKnownFileType = folder.assetcatalog; path = Assets.xcassets; sourceTree = "<group>"; };
		27A3F1F82CD82EB1009A991B /* Base */ = {isa = PBXFileReference; lastKnownFileType = file.storyboard; name = Base; path = Base.lproj/LaunchScreen.storyboard; sourceTree = "<group>"; };
		27A3F1FA2CD82EB1009A991B /* Info.plist */ = {isa = PBXFileReference; lastKnownFileType = text.plist.xml; path = Info.plist; sourceTree = "<group>"; };
		27A3F1FF2CD82EB1009A991B /* CP_IOS_PreTests.xctest */ = {isa = PBXFileReference; explicitFileType = wrapper.cfbundle; includeInIndex = 0; path = CP_IOS_PreTests.xctest; sourceTree = BUILT_PRODUCTS_DIR; };
		27A3F2032CD82EB1009A991B /* CP_IOS_PreTests.swift */ = {isa = PBXFileReference; lastKnownFileType = sourcecode.swift; path = CP_IOS_PreTests.swift; sourceTree = "<group>"; };
		27A3F2092CD82EB1009A991B /* CP_IOS_PreUITests.xctest */ = {isa = PBXFileReference; explicitFileType = wrapper.cfbundle; includeInIndex = 0; path = CP_IOS_PreUITests.xctest; sourceTree = BUILT_PRODUCTS_DIR; };
		27A3F20D2CD82EB1009A991B /* CP_IOS_PreUITests.swift */ = {isa = PBXFileReference; lastKnownFileType = sourcecode.swift; path = CP_IOS_PreUITests.swift; sourceTree = "<group>"; };
		27A3F20F2CD82EB1009A991B /* CP_IOS_PreUITestsLaunchTests.swift */ = {isa = PBXFileReference; lastKnownFileType = sourcecode.swift; path = CP_IOS_PreUITestsLaunchTests.swift; sourceTree = "<group>"; };
/* End PBXFileReference section */

/* Begin PBXFrameworksBuildPhase section */
		27A3F1E62CD82EB0009A991B /* Frameworks */ = {
			isa = PBXFrameworksBuildPhase;
			buildActionMask = 2147483647;
			files = (
			);
			runOnlyForDeploymentPostprocessing = 0;
		};
		27A3F1FC2CD82EB1009A991B /* Frameworks */ = {
			isa = PBXFrameworksBuildPhase;
			buildActionMask = 2147483647;
			files = (
			);
			runOnlyForDeploymentPostprocessing = 0;
		};
		27A3F2062CD82EB1009A991B /* Frameworks */ = {
			isa = PBXFrameworksBuildPhase;
			buildActionMask = 2147483647;
			files = (
			);
			runOnlyForDeploymentPostprocessing = 0;
		};
/* End PBXFrameworksBuildPhase section */

/* Begin PBXGroup section */
		27A3F1E02CD82EB0009A991B = {
			isa = PBXGroup;
			children = (
				27A3F1EB2CD82EB0009A991B /* CP_IOS_Pre */,
				27A3F2022CD82EB1009A991B /* CP_IOS_PreTests */,
				27A3F20C2CD82EB1009A991B /* CP_IOS_PreUITests */,
				27A3F1EA2CD82EB0009A991B /* Products */,
			);
			sourceTree = "<group>";
		};
		27A3F1EA2CD82EB0009A991B /* Products */ = {
			isa = PBXGroup;
			children = (
				27A3F1E92CD82EB0009A991B /* CP_IOS_Pre.app */,
				27A3F1FF2CD82EB1009A991B /* CP_IOS_PreTests.xctest */,
				27A3F2092CD82EB1009A991B /* CP_IOS_PreUITests.xctest */,
			);
			name = Products;
			sourceTree = "<group>";
		};
		27A3F1EB2CD82EB0009A991B /* CP_IOS_Pre */ = {
			isa = PBXGroup;
			children = (
				27A3F1EC2CD82EB0009A991B /* AppDelegate.swift */,
				27A3F1EE2CD82EB0009A991B /* SceneDelegate.swift */,
				27A3F1F02CD82EB0009A991B /* ViewController.swift */,
				27A3F1F22CD82EB0009A991B /* Main.storyboard */,
				27A3F1F52CD82EB1009A991B /* Assets.xcassets */,
				27A3F1F72CD82EB1009A991B /* LaunchScreen.storyboard */,
				27A3F1FA2CD82EB1009A991B /* Info.plist */,
			);
			path = CP_IOS_Pre;
			sourceTree = "<group>";
		};
		27A3F2022CD82EB1009A991B /* CP_IOS_PreTests */ = {
			isa = PBXGroup;
			children = (
				27A3F2032CD82EB1009A991B /* CP_IOS_PreTests.swift */,
			);
			path = CP_IOS_PreTests;
			sourceTree = "<group>";
		};
		27A3F20C2CD82EB1009A991B /* CP_IOS_PreUITests */ = {
			isa = PBXGroup;
			children = (
				27A3F20D2CD82EB1009A991B /* CP_IOS_PreUITests.swift */,
				27A3F20F2CD82EB1009A991B /* CP_IOS_PreUITestsLaunchTests.swift */,
			);
			path = CP_IOS_PreUITests;
			sourceTree = "<group>";
		};
/* End PBXGroup section */

/* Begin PBXNativeTarget section */
		27A3F1E82CD82EB0009A991B /* CP_IOS_Pre */ = {
			isa = PBXNativeTarget;
			buildConfigurationList = 27A3F2132CD82EB1009A991B /* Build configuration list for PBXNativeTarget "CP_IOS_Pre" */;
			buildPhases = (
				27A3F1E52CD82EB0009A991B /* Sources */,
				27A3F1E62CD82EB0009A991B /* Frameworks */,
				27A3F1E72CD82EB0009A991B /* Resources */,
			);
			buildRules = (
			);
			dependencies = (
			);
			name = CP_IOS_Pre;
			productName = CP_IOS_Pre;
			productReference = 27A3F1E92CD82EB0009A991B /* CP_IOS_Pre.app */;
			productType = "com.apple.product-type.application";
		};
		27A3F1FE2CD82EB1009A991B /* CP_IOS_PreTests */ = {
			isa = PBXNativeTarget;
			buildConfigurationList = 27A3F2162CD82EB1009A991B /* Build configuration list for PBXNativeTarget "CP_IOS_PreTests" */;
			buildPhases = (
				27A3F1FB2CD82EB1009A991B /* Sources */,
				27A3F1FC2CD82EB1009A991B /* Frameworks */,
				27A3F1FD2CD82EB1009A991B /* Resources */,
			);
			buildRules = (
			);
			dependencies = (
				27A3F2012CD82EB1009A991B /* PBXTargetDependency */,
			);
			name = CP_IOS_PreTests;
			productName = CP_IOS_PreTests;
			productReference = 27A3F1FF2CD82EB1009A991B /* CP_IOS_PreTests.xctest */;
			productType = "com.apple.product-type.bundle.unit-test";
		};
		27A3F2082CD82EB1009A991B /* CP_IOS_PreUITests */ = {
			isa = PBXNativeTarget;
			buildConfigurationList = 27A3F2192CD82EB1009A991B /* Build configuration list for PBXNativeTarget "CP_IOS_PreUITests" */;
			buildPhases = (
				27A3F2052CD82EB1009A991B /* Sources */,
				27A3F2062CD82EB1009A991B /* Frameworks */,
				27A3F2072CD82EB1009A991B /* Resources */,
			);
			buildRules = (
			);
			dependencies = (
				27A3F20B2CD82EB1009A991B /* PBXTargetDependency */,
			);
			name = CP_IOS_PreUITests;
			productName = CP_IOS_PreUITests;
			productReference = 27A3F2092CD82EB1009A991B /* CP_IOS_PreUITests.xctest */;
			productType = "com.apple.product-type.bundle.ui-testing";
		};
/* End PBXNativeTarget section */

/* Begin PBXProject section */
		27A3F1E12CD82EB0009A991B /* Project object */ = {
			isa = PBXProject;
			attributes = {
				BuildIndependentTargetsInParallel = 1;
				LastSwiftUpdateCheck = 1510;
				LastUpgradeCheck = 1510;
				TargetAttributes = {
					27A3F1E82CD82EB0009A991B = {
						CreatedOnToolsVersion = 15.1;
					};
					27A3F1FE2CD82EB1009A991B = {
						CreatedOnToolsVersion = 15.1;
						TestTargetID = 27A3F1E82CD82EB0009A991B;
					};
					27A3F2082CD82EB1009A991B = {
						CreatedOnToolsVersion = 15.1;
						TestTargetID = 27A3F1E82CD82EB0009A991B;
					};
				};
			};
			buildConfigurationList = 27A3F1E42CD82EB0009A991B /* Build configuration list for PBXProject "CP_IOS_Pre" */;
			compatibilityVersion = "Xcode 14.0";
			developmentRegion = en;
			hasScannedForEncodings = 0;
			knownRegions = (
				en,
				Base,
			);
			mainGroup = 27A3F1E02CD82EB0009A991B;
			productRefGroup = 27A3F1EA2CD82EB0009A991B /* Products */;
			projectDirPath = "";
			projectRoot = "";
			targets = (
				27A3F1E82CD82EB0009A991B /* CP_IOS_Pre */,
				27A3F1FE2CD82EB1009A991B /* CP_IOS_PreTests */,
				27A3F2082CD82EB1009A991B /* CP_IOS_PreUITests */,
			);
		};
/* End PBXProject section */

/* Begin PBXResourcesBuildPhase section */
		27A3F1E72CD82EB0009A991B /* Resources */ = {
			isa = PBXResourcesBuildPhase;
			buildActionMask = 2147483647;
			files = (
				27A3F1F92CD82EB1009A991B /* LaunchScreen.storyboard in Resources */,
				27A3F1F62CD82EB1009A991B /* Assets.xcassets in Resources */,
				27A3F1F42CD82EB0009A991B /* Main.storyboard in Resources */,
			);
			runOnlyForDeploymentPostprocessing = 0;
		};
		27A3F1FD2CD82EB1009A991B /* Resources */ = {
			isa = PBXResourcesBuildPhase;
			buildActionMask = 2147483647;
			files = (
			);
			runOnlyForDeploymentPostprocessing = 0;
		};
		27A3F2072CD82EB1009A991B /* Resources */ = {
			isa = PBXResourcesBuildPhase;
			buildActionMask = 2147483647;
			files = (
			);
			runOnlyForDeploymentPostprocessing = 0;
		};
/* End PBXResourcesBuildPhase section */

/* Begin PBXSourcesBuildPhase section */
		27A3F1E52CD82EB0009A991B /* Sources */ = {
			isa = PBXSourcesBuildPhase;
			buildActionMask = 2147483647;
			files = (
				27A3F1F12CD82EB0009A991B /* ViewController.swift in Sources */,
				27A3F1ED2CD82EB0009A991B /* AppDelegate.swift in Sources */,
				27A3F1EF2CD82EB0009A991B /* SceneDelegate.swift in Sources */,
			);
			runOnlyForDeploymentPostprocessing = 0;
		};
		27A3F1FB2CD82EB1009A991B /* Sources */ = {
			isa = PBXSourcesBuildPhase;
			buildActionMask = 2147483647;
			files = (
				27A3F2042CD82EB1009A991B /* CP_IOS_PreTests.swift in Sources */,
			);
			runOnlyForDeploymentPostprocessing = 0;
		};
		27A3F2052CD82EB1009A991B /* Sources */ = {
			isa = PBXSourcesBuildPhase;
			buildActionMask = 2147483647;
			files = (
				27A3F20E2CD82EB1009A991B /* CP_IOS_PreUITests.swift in Sources */,
				27A3F2102CD82EB1009A991B /* CP_IOS_PreUITestsLaunchTests.swift in Sources */,
			);
			runOnlyForDeploymentPostprocessing = 0;
		};
/* End PBXSourcesBuildPhase section */

/* Begin PBXTargetDependency section */
		27A3F2012CD82EB1009A991B /* PBXTargetDependency */ = {
			isa = PBXTargetDependency;
			target = 27A3F1E82CD82EB0009A991B /* CP_IOS_Pre */;
			targetProxy = 27A3F2002CD82EB1009A991B /* PBXContainerItemProxy */;
		};
		27A3F20B2CD82EB1009A991B /* PBXTargetDependency */ = {
			isa = PBXTargetDependency;
			target = 27A3F1E82CD82EB0009A991B /* CP_IOS_Pre */;
			targetProxy = 27A3F20A2CD82EB1009A991B /* PBXContainerItemProxy */;
		};
/* End PBXTargetDependency section */

/* Begin PBXVariantGroup section */
		27A3F1F22CD82EB0009A991B /* Main.storyboard */ = {
			isa = PBXVariantGroup;
			children = (
				27A3F1F32CD82EB0009A991B /* Base */,
			);
			name = Main.storyboard;
			sourceTree = "<group>";
		};
		27A3F1F72CD82EB1009A991B /* LaunchScreen.storyboard */ = {
			isa = PBXVariantGroup;
			children = (
				27A3F1F82CD82EB1009A991B /* Base */,
			);
			name = LaunchScreen.storyboard;
			sourceTree = "<group>";
		};
/* End PBXVariantGroup section */

/* Begin XCBuildConfiguration section */
		27A3F2112CD82EB1009A991B /* Debug */ = {
			isa = XCBuildConfiguration;
			buildSettings = {
				ALWAYS_SEARCH_USER_PATHS = NO;
				ASSETCATALOG_COMPILER_GENERATE_SWIFT_ASSET_SYMBOL_EXTENSIONS = YES;
				CLANG_ANALYZER_NONNULL = YES;
				CLANG_ANALYZER_NUMBER_OBJECT_CONVERSION = YES_AGGRESSIVE;
				CLANG_CXX_LANGUAGE_STANDARD = "gnu++20";
				CLANG_ENABLE_MODULES = YES;
				CLANG_ENABLE_OBJC_ARC = YES;
				CLANG_ENABLE_OBJC_WEAK = YES;
				CLANG_WARN_BLOCK_CAPTURE_AUTORELEASING = YES;
				CLANG_WARN_BOOL_CONVERSION = YES;
				CLANG_WARN_COMMA = YES;
				CLANG_WARN_CONSTANT_CONVERSION = YES;
				CLANG_WARN_DEPRECATED_OBJC_IMPLEMENTATIONS = YES;
				CLANG_WARN_DIRECT_OBJC_ISA_USAGE = YES_ERROR;
				CLANG_WARN_DOCUMENTATION_COMMENTS = YES;
				CLANG_WARN_EMPTY_BODY = YES;
				CLANG_WARN_ENUM_CONVERSION = YES;
				CLANG_WARN_INFINITE_RECURSION = YES;
				CLANG_WARN_INT_CONVERSION = YES;
				CLANG_WARN_NON_LITERAL_NULL_CONVERSION = YES;
				CLANG_WARN_OBJC_IMPLICIT_RETAIN_SELF = YES;
				CLANG_WARN_OBJC_LITERAL_CONVERSION = YES;
				CLANG_WARN_OBJC_ROOT_CLASS = YES_ERROR;
				CLANG_WARN_QUOTED_INCLUDE_IN_FRAMEWORK_HEADER = YES;
				CLANG_WARN_RANGE_LOOP_ANALYSIS = YES;
				CLANG_WARN_STRICT_PROTOTYPES = YES;
				CLANG_WARN_SUSPICIOUS_MOVE = YES;
				CLANG_WARN_UNGUARDED_AVAILABILITY = YES_AGGRESSIVE;
				CLANG_WARN_UNREACHABLE_CODE = YES;
				CLANG_WARN__DUPLICATE_METHOD_MATCH = YES;
				COPY_PHASE_STRIP = NO;
				DEBUG_INFORMATION_FORMAT = dwarf;
				ENABLE_STRICT_OBJC_MSGSEND = YES;
				ENABLE_TESTABILITY = YES;
				ENABLE_USER_SCRIPT_SANDBOXING = YES;
				GCC_C_LANGUAGE_STANDARD = gnu17;
				GCC_DYNAMIC_NO_PIC = NO;
				GCC_NO_COMMON_BLOCKS = YES;
				GCC_OPTIMIZATION_LEVEL = 0;
				GCC_PREPROCESSOR_DEFINITIONS = (
					"DEBUG=1",
					"$(inherited)",
				);
				GCC_WARN_64_TO_32_BIT_CONVERSION = YES;
				GCC_WARN_ABOUT_RETURN_TYPE = YES_ERROR;
				GCC_WARN_UNDECLARED_SELECTOR = YES;
				GCC_WARN_UNINITIALIZED_AUTOS = YES_AGGRESSIVE;
				GCC_WARN_UNUSED_FUNCTION = YES;
				GCC_WARN_UNUSED_VARIABLE = YES;
				IPHONEOS_DEPLOYMENT_TARGET = 17.2;
				LOCALIZATION_PREFERS_STRING_CATALOGS = YES;
				MTL_ENABLE_DEBUG_INFO = INCLUDE_SOURCE;
				MTL_FAST_MATH = YES;
				ONLY_ACTIVE_ARCH = YES;
				SDKROOT = iphoneos;
				SWIFT_ACTIVE_COMPILATION_CONDITIONS = "DEBUG $(inherited)";
				SWIFT_OPTIMIZATION_LEVEL = "-Onone";
			};
			name = Debug;
		};
		27A3F2122CD82EB1009A991B /* Release */ = {
			isa = XCBuildConfiguration;
			buildSettings = {
				ALWAYS_SEARCH_USER_PATHS = NO;
				ASSETCATALOG_COMPILER_GENERATE_SWIFT_ASSET_SYMBOL_EXTENSIONS = YES;
				CLANG_ANALYZER_NONNULL = YES;
				CLANG_ANALYZER_NUMBER_OBJECT_CONVERSION = YES_AGGRESSIVE;
				CLANG_CXX_LANGUAGE_STANDARD = "gnu++20";
				CLANG_ENABLE_MODULES = YES;
				CLANG_ENABLE_OBJC_ARC = YES;
				CLANG_ENABLE_OBJC_WEAK = YES;
				CLANG_WARN_BLOCK_CAPTURE_AUTORELEASING = YES;
				CLANG_WARN_BOOL_CONVERSION = YES;
				CLANG_WARN_COMMA = YES;
				CLANG_WARN_CONSTANT_CONVERSION = YES;
				CLANG_WARN_DEPRECATED_OBJC_IMPLEMENTATIONS = YES;
				CLANG_WARN_DIRECT_OBJC_ISA_USAGE = YES_ERROR;
				CLANG_WARN_DOCUMENTATION_COMMENTS = YES;
				CLANG_WARN_EMPTY_BODY = YES;
				CLANG_WARN_ENUM_CONVERSION = YES;
				CLANG_WARN_INFINITE_RECURSION = YES;
				CLANG_WARN_INT_CONVERSION = YES;
				CLANG_WARN_NON_LITERAL_NULL_CONVERSION = YES;
				CLANG_WARN_OBJC_IMPLICIT_RETAIN_SELF = YES;
				CLANG_WARN_OBJC_LITERAL_CONVERSION = YES;
				CLANG_WARN_OBJC_ROOT_CLASS = YES_ERROR;
				CLANG_WARN_QUOTED_INCLUDE_IN_FRAMEWORK_HEADER = YES;
				CLANG_WARN_RANGE_LOOP_ANALYSIS = YES;
				CLANG_WARN_STRICT_PROTOTYPES = YES;
				CLANG_WARN_SUSPICIOUS_MOVE = YES;
				CLANG_WARN_UNGUARDED_AVAILABILITY = YES_AGGRESSIVE;
				CLANG_WARN_UNREACHABLE_CODE = YES;
				CLANG_WARN__DUPLICATE_METHOD_MATCH = YES;
				COPY_PHASE_STRIP = NO;
				DEBUG_INFORMATION_FORMAT = "dwarf-with-dsym";
				ENABLE_NS_ASSERTIONS = NO;
				ENABLE_STRICT_OBJC_MSGSEND = YES;
				ENABLE_USER_SCRIPT_SANDBOXING = YES;
				GCC_C_LANGUAGE_STANDARD = gnu17;
				GCC_NO_COMMON_BLOCKS = YES;
				GCC_WARN_64_TO_32_BIT_CONVERSION = YES;
				GCC_WARN_ABOUT_RETURN_TYPE = YES_ERROR;
				GCC_WARN_UNDECLARED_SELECTOR = YES;
				GCC_WARN_UNINITIALIZED_AUTOS = YES_AGGRESSIVE;
				GCC_WARN_UNUSED_FUNCTION = YES;
				GCC_WARN_UNUSED_VARIABLE = YES;
				IPHONEOS_DEPLOYMENT_TARGET = 17.2;
				LOCALIZATION_PREFERS_STRING_CATALOGS = YES;
				MTL_ENABLE_DEBUG_INFO = NO;
				MTL_FAST_MATH = YES;
				SDKROOT = iphoneos;
				SWIFT_COMPILATION_MODE = wholemodule;
				VALIDATE_PRODUCT = YES;
			};
			name = Release;
		};
		27A3F2142CD82EB1009A991B /* Debug */ = {
			isa = XCBuildConfiguration;
			buildSettings = {
				ASSETCATALOG_COMPILER_APPICON_NAME = AppIcon;
				ASSETCATALOG_COMPILER_GLOBAL_ACCENT_COLOR_NAME = AccentColor;
				CODE_SIGN_STYLE = Automatic;
				CURRENT_PROJECT_VERSION = 1;
				GENERATE_INFOPLIST_FILE = YES;
				INFOPLIST_FILE = CP_IOS_Pre/Info.plist;
				INFOPLIST_KEY_UIApplicationSupportsIndirectInputEvents = YES;
				INFOPLIST_KEY_UILaunchStoryboardName = LaunchScreen;
				INFOPLIST_KEY_UIMainStoryboardFile = Main;
				INFOPLIST_KEY_UISupportedInterfaceOrientations_iPad = "UIInterfaceOrientationPortrait UIInterfaceOrientationPortraitUpsideDown UIInterfaceOrientationLandscapeLeft UIInterfaceOrientationLandscapeRight";
				INFOPLIST_KEY_UISupportedInterfaceOrientations_iPhone = "UIInterfaceOrientationPortrait UIInterfaceOrientationLandscapeLeft UIInterfaceOrientationLandscapeRight";
				LD_RUNPATH_SEARCH_PATHS = (
					"$(inherited)",
					"@executable_path/Frameworks",
				);
				MARKETING_VERSION = 1.0;
				PRODUCT_BUNDLE_IDENTIFIER = "Hack.CP-IOS-Pre";
				PRODUCT_NAME = "$(TARGET_NAME)";
				SWIFT_EMIT_LOC_STRINGS = YES;
				SWIFT_VERSION = 5.0;
				TARGETED_DEVICE_FAMILY = "1,2";
			};
			name = Debug;
		};
		27A3F2152CD82EB1009A991B /* Release */ = {
			isa = XCBuildConfiguration;
			buildSettings = {
				ASSETCATALOG_COMPILER_APPICON_NAME = AppIcon;
				ASSETCATALOG_COMPILER_GLOBAL_ACCENT_COLOR_NAME = AccentColor;
				CODE_SIGN_STYLE = Automatic;
				CURRENT_PROJECT_VERSION = 1;
				GENERATE_INFOPLIST_FILE = YES;
				INFOPLIST_FILE = CP_IOS_Pre/Info.plist;
				INFOPLIST_KEY_UIApplicationSupportsIndirectInputEvents = YES;
				INFOPLIST_KEY_UILaunchStoryboardName = LaunchScreen;
				INFOPLIST_KEY_UIMainStoryboardFile = Main;
				INFOPLIST_KEY_UISupportedInterfaceOrientations_iPad = "UIInterfaceOrientationPortrait UIInterfaceOrientationPortraitUpsideDown UIInterfaceOrientationLandscapeLeft UIInterfaceOrientationLandscapeRight";
				INFOPLIST_KEY_UISupportedInterfaceOrientations_iPhone = "UIInterfaceOrientationPortrait UIInterfaceOrientationLandscapeLeft UIInterfaceOrientationLandscapeRight";
				LD_RUNPATH_SEARCH_PATHS = (
					"$(inherited)",
					"@executable_path/Frameworks",
				);
				MARKETING_VERSION = 1.0;
				PRODUCT_BUNDLE_IDENTIFIER = "Hack.CP-IOS-Pre";
				PRODUCT_NAME = "$(TARGET_NAME)";
				SWIFT_EMIT_LOC_STRINGS = YES;
				SWIFT_VERSION = 5.0;
				TARGETED_DEVICE_FAMILY = "1,2";
			};
			name = Release;
		};
		27A3F2172CD82EB1009A991B /* Debug */ = {
			isa = XCBuildConfiguration;
			buildSettings = {
				ALWAYS_EMBED_SWIFT_STANDARD_LIBRARIES = YES;
				BUNDLE_LOADER = "$(TEST_HOST)";
				CODE_SIGN_STYLE = Automatic;
				CURRENT_PROJECT_VERSION = 1;
				GENERATE_INFOPLIST_FILE = YES;
				IPHONEOS_DEPLOYMENT_TARGET = 17.2;
				MARKETING_VERSION = 1.0;
				PRODUCT_BUNDLE_IDENTIFIER = "Hack.CP-IOS-PreTests";
				PRODUCT_NAME = "$(TARGET_NAME)";
				SWIFT_EMIT_LOC_STRINGS = NO;
				SWIFT_VERSION = 5.0;
				TARGETED_DEVICE_FAMILY = "1,2";
				TEST_HOST = "$(BUILT_PRODUCTS_DIR)/CP_IOS_Pre.app/$(BUNDLE_EXECUTABLE_FOLDER_PATH)/CP_IOS_Pre";
			};
			name = Debug;
		};
		27A3F2182CD82EB1009A991B /* Release */ = {
			isa = XCBuildConfiguration;
			buildSettings = {
				ALWAYS_EMBED_SWIFT_STANDARD_LIBRARIES = YES;
				BUNDLE_LOADER = "$(TEST_HOST)";
				CODE_SIGN_STYLE = Automatic;
				CURRENT_PROJECT_VERSION = 1;
				GENERATE_INFOPLIST_FILE = YES;
				IPHONEOS_DEPLOYMENT_TARGET = 17.2;
				MARKETING_VERSION = 1.0;
				PRODUCT_BUNDLE_IDENTIFIER = "Hack.CP-IOS-PreTests";
				PRODUCT_NAME = "$(TARGET_NAME)";
				SWIFT_EMIT_LOC_STRINGS = NO;
				SWIFT_VERSION = 5.0;
				TARGETED_DEVICE_FAMILY = "1,2";
				TEST_HOST = "$(BUILT_PRODUCTS_DIR)/CP_IOS_Pre.app/$(BUNDLE_EXECUTABLE_FOLDER_PATH)/CP_IOS_Pre";
			};
			name = Release;
		};
		27A3F21A2CD82EB1009A991B /* Debug */ = {
			isa = XCBuildConfiguration;
			buildSettings = {
				ALWAYS_EMBED_SWIFT_STANDARD_LIBRARIES = YES;
				CODE_SIGN_STYLE = Automatic;
				CURRENT_PROJECT_VERSION = 1;
				GENERATE_INFOPLIST_FILE = YES;
				MARKETING_VERSION = 1.0;
				PRODUCT_BUNDLE_IDENTIFIER = "Hack.CP-IOS-PreUITests";
				PRODUCT_NAME = "$(TARGET_NAME)";
				SWIFT_EMIT_LOC_STRINGS = NO;
				SWIFT_VERSION = 5.0;
				TARGETED_DEVICE_FAMILY = "1,2";
				TEST_TARGET_NAME = CP_IOS_Pre;
			};
			name = Debug;
		};
		27A3F21B2CD82EB1009A991B /* Release */ = {
			isa = XCBuildConfiguration;
			buildSettings = {
				ALWAYS_EMBED_SWIFT_STANDARD_LIBRARIES = YES;
				CODE_SIGN_STYLE = Automatic;
				CURRENT_PROJECT_VERSION = 1;
				GENERATE_INFOPLIST_FILE = YES;
				MARKETING_VERSION = 1.0;
				PRODUCT_BUNDLE_IDENTIFIER = "Hack.CP-IOS-PreUITests";
				PRODUCT_NAME = "$(TARGET_NAME)";
				SWIFT_EMIT_LOC_STRINGS = NO;
				SWIFT_VERSION = 5.0;
				TARGETED_DEVICE_FAMILY = "1,2";
				TEST_TARGET_NAME = CP_IOS_Pre;
			};
			name = Release;
		};
/* End XCBuildConfiguration section */

/* Begin XCConfigurationList section */
		27A3F1E42CD82EB0009A991B /* Build configuration list for PBXProject "CP_IOS_Pre" */ = {
			isa = XCConfigurationList;
			buildConfigurations = (
				27A3F2112CD82EB1009A991B /* Debug */,
				27A3F2122CD82EB1009A991B /* Release */,
			);
			defaultConfigurationIsVisible = 0;
			defaultConfigurationName = Release;
		};
		27A3F2132CD82EB1009A991B /* Build configuration list for PBXNativeTarget "CP_IOS_Pre" */ = {
			isa = XCConfigurationList;
			buildConfigurations = (
				27A3F2142CD82EB1009A991B /* Debug */,
				27A3F2152CD82EB1009A991B /* Release */,
			);
			defaultConfigurationIsVisible = 0;
			defaultConfigurationName = Release;
		};
		27A3F2162CD82EB1009A991B /* Build configuration list for PBXNativeTarget "CP_IOS_PreTests" */ = {
			isa = XCConfigurationList;
			buildConfigurations = (
				27A3F2172CD82EB1009A991B /* Debug */,
				27A3F2182CD82EB1009A991B /* Release */,
			);
			defaultConfigurationIsVisible = 0;
			defaultConfigurationName = Release;
		};
		27A3F2192CD82EB1009A991B /* Build configuration list for PBXNativeTarget "CP_IOS_PreUITests" */ = {
			isa = XCConfigurationList;
			buildConfigurations = (
				27A3F21A2CD82EB1009A991B /* Debug */,
				27A3F21B2CD82EB1009A991B /* Release */,
			);
			defaultConfigurationIsVisible = 0;
			defaultConfigurationName = Release;
		};
/* End XCConfigurationList section */
	};
	rootObject = 27A3F1E12CD82EB0009A991B /* Project object */;
}
